
Microsoft Visual Studio Solution File, Format Version 12.00
# Visual Studio Version 16
VisualStudioVersion = 16.0.29326.143
MinimumVisualStudioVersion = 10.0.40219.1
Project("{FAE04EC0-301F-11D3-BF4B-00C04F79EFBC}") = "Builder", "Builder\Builder.csproj", "{8BA21FA5-B4DF-419A-9230-06C74717E950}"
EndProject
Global
	GlobalSection(SolutionConfigurationPlatforms) = preSolution
		Debug|Any CPU = Debug|Any CPU
		Release|Any CPU = Release|Any CPU
	EndGlobalSection
	GlobalSection(ProjectConfigurationPlatforms) = postSolution
		{8BA21FA5-B4DF-419A-9230-06C74717E950}.Debug|Any CPU.ActiveCfg = Debug|Any CPU
		{8BA21FA5-B4DF-419A-9230-06C74717E950}.Debug|Any CPU.Build.0 = Debug|Any CPU
		{8BA21FA5-B4DF-419A-9230-06C74717E950}.Release|Any CPU.ActiveCfg = Release|Any CPU
		{8BA21FA5-B4DF-419A-9230-06C74717E950}.Release|Any CPU.Build.0 = Release|Any CPU
	EndGlobalSection
	GlobalSection(SolutionProperties) = preSolution
		HideSolutionNode = FALSE
	EndGlobalSection
	GlobalSection(ExtensibilityGlobals) = postSolution
		SolutionGuid = {4251C886-3A3D-4897-BA3A-68F7341FBC27}
	EndGlobalSection
EndGlobal
